
Microsoft Visual Studio Solution File, Format Version 12.00
# Visual Studio Version 17
VisualStudioVersion = 17.9.34607.119
MinimumVisualStudioVersion = 10.0.40219.1
Project("{FAE04EC0-301F-11D3-BF4B-00C04F79EFBC}") = "MobileTools", "MobileTools\MobileTools.csproj", "{6073E7A7-76C8-41FC-B74B-C3783CAEB53B}"
EndProject
Global
	GlobalSection(SolutionConfigurationPlatforms) = preSolution
		Debug|Any CPU = Debug|Any CPU
		Release|Any CPU = Release|Any CPU
	EndGlobalSection
	GlobalSection(ProjectConfigurationPlatforms) = postSolution
		{6073E7A7-76C8-41FC-B74B-C3783CAEB53B}.Debug|Any CPU.ActiveCfg = Debug|Any CPU
		{6073E7A7-76C8-41FC-B74B-C3783CAEB53B}.Debug|Any CPU.Build.0 = Debug|Any CPU
		{6073E7A7-76C8-41FC-B74B-C3783CAEB53B}.Release|Any CPU.ActiveCfg = Release|Any CPU
		{6073E7A7-76C8-41FC-B74B-C3783CAEB53B}.Release|Any CPU.Build.0 = Release|Any CPU
	EndGlobalSection
	GlobalSection(SolutionProperties) = preSolution
		HideSolutionNode = FALSE
	EndGlobalSection
	GlobalSection(ExtensibilityGlobals) = postSolution
		SolutionGuid = {6FD0B69E-D5DC-4646-8453-DFA338533A7D}
	EndGlobalSection
EndGlobal
